
Microsoft Visual Studio Solution File, Format Version 12.00
# Visual Studio 15
VisualStudioVersion = 15.0.28307.572
MinimumVisualStudioVersion = 10.0.40219.1
Project("{FAE04EC0-301F-11D3-BF4B-00C04F79EFBC}") = "TestFramework", "TestFramework\TestFramework.csproj", "{56DF4FB5-4992-4E2F-8E2B-FE157D3F3396}"
EndProject
Global
	GlobalSection(SolutionConfigurationPlatforms) = preSolution
		Debug|Any CPU = Debug|Any CPU
		Release|Any CPU = Release|Any CPU
	EndGlobalSection
	GlobalSection(ProjectConfigurationPlatforms) = postSolution
		{56DF4FB5-4992-4E2F-8E2B-FE157D3F3396}.Debug|Any CPU.ActiveCfg = Debug|Any CPU
		{56DF4FB5-4992-4E2F-8E2B-FE157D3F3396}.Debug|Any CPU.Build.0 = Debug|Any CPU
		{56DF4FB5-4992-4E2F-8E2B-FE157D3F3396}.Release|Any CPU.ActiveCfg = Release|Any CPU
		{56DF4FB5-4992-4E2F-8E2B-FE157D3F3396}.Release|Any CPU.Build.0 = Release|Any CPU
	EndGlobalSection
	GlobalSection(SolutionProperties) = preSolution
		HideSolutionNode = FALSE
	EndGlobalSection
	GlobalSection(ExtensibilityGlobals) = postSolution
		SolutionGuid = {BD069F23-4130-4089-8642-5D55A9F11AD8}
	EndGlobalSection
EndGlobal
